
Microsoft Visual Studio Solution File, Format Version 12.00
Project("{2150E333-8FDC-42A3-9474-1A3956D46DE8}") = "ddd", "ddd", "{04584DEB-D430-4EF2-9D00-A9445106311B}"
ProjectSection(SolutionItems) = preProject
	ddd\README.md = ddd\README.md
EndProjectSection
EndProject
Project("{2150E333-8FDC-42A3-9474-1A3956D46DE8}") = "mediatr", "mediatr", "{45EA5A0D-E89A-4D1F-B92D-A16E7B3D0E62}"
EndProject
Project("{2150E333-8FDC-42A3-9474-1A3956D46DE8}") = "cqs-decorator", "cqs-decorator", "{DA2453E1-1E54-47DA-A0D5-9A1F667B5E4C}"
EndProject
Project("{2150E333-8FDC-42A3-9474-1A3956D46DE8}") = "decorator-proxy", "decorator-proxy", "{4FAEC9E3-9DF3-482E-906E-0F947B3E8F99}"
EndProject
Project("{2150E333-8FDC-42A3-9474-1A3956D46DE8}") = "functional", "functional", "{3A0FB992-FCA6-4F9A-BDA1-AC35A18C7A61}"
EndProject
Project("{FAE04EC0-301F-11D3-BF4B-00C04F79EFBC}") = "CAC.DDD.Web", "ddd\CAC.DDD.Web\CAC.DDD.Web.csproj", "{6718E131-6333-48B6-B3E4-1A7C16EBC76D}"
EndProject
Project("{FAE04EC0-301F-11D3-BF4B-00C04F79EFBC}") = "CAC.DDD.UnitTests", "ddd\CAC.DDD.UnitTests\CAC.DDD.UnitTests.csproj", "{91DAB8DB-FB2B-4378-ADE0-BB28F67284D5}"
EndProject
Project("{2150E333-8FDC-42A3-9474-1A3956D46DE8}") = "cqs", "cqs", "{FF2E2E4A-0106-4CB5-B12B-C8D9067D643E}"
EndProject
Project("{2150E333-8FDC-42A3-9474-1A3956D46DE8}") = "core", "core", "{6F533325-7297-4151-8BB3-C036437945B0}"
EndProject
Project("{FAE04EC0-301F-11D3-BF4B-00C04F79EFBC}") = "CAC.Core.Domain", "core\CAC.Core.Domain\CAC.Core.Domain.csproj", "{FC05230A-25F3-4829-B60F-14413313074E}"
EndProject
Project("{FAE04EC0-301F-11D3-BF4B-00C04F79EFBC}") = "CAC.Core.Analyzers", "core\CAC.Core.Analyzers\CAC.Core.Analyzers.csproj", "{F032F015-95D6-484A-9404-CEBEAE440F49}"
EndProject
Project("{FAE04EC0-301F-11D3-BF4B-00C04F79EFBC}") = "CAC.Core.Web", "core\CAC.Core.Web\CAC.Core.Web.csproj", "{3BC450D1-A15F-44CD-BD93-1EFB16E32C7B}"
EndProject
Project("{FAE04EC0-301F-11D3-BF4B-00C04F79EFBC}") = "CAC.Core.UnitTests", "core\CAC.Core.UnitTests\CAC.Core.UnitTests.csproj", "{F20AFEF8-85A0-4E18-8A52-3C7FF961992B}"
EndProject
Project("{FAE04EC0-301F-11D3-BF4B-00C04F79EFBC}") = "CAC.Core.TestUtilities", "core\CAC.Core.TestUtilities\CAC.Core.TestUtilities.csproj", "{6C5B52A4-8362-411C-9356-37DD05CDD6BC}"
EndProject
Project("{2150E333-8FDC-42A3-9474-1A3956D46DE8}") = ".solution-items", ".solution-items", "{25F423E5-DC42-47BC-A9BA-46384B79A64A}"
ProjectSection(SolutionItems) = preProject
	README.md = README.md
EndProjectSection
EndProject
Project("{2150E333-8FDC-42A3-9474-1A3956D46DE8}") = "basic", "basic", "{99A94482-F487-4391-BEC3-ACBA35EC95D6}"
ProjectSection(SolutionItems) = preProject
	basic\README.md = basic\README.md
EndProjectSection
EndProject
Project("{FAE04EC0-301F-11D3-BF4B-00C04F79EFBC}") = "CAC.Basic.Domain", "basic\CAC.Basic.Domain\CAC.Basic.Domain.csproj", "{1086DD68-4B49-4A4E-914C-1784DAD6A934}"
EndProject
Project("{FAE04EC0-301F-11D3-BF4B-00C04F79EFBC}") = "CAC.Basic.Infrastructure", "basic\CAC.Basic.Infrastructure\CAC.Basic.Infrastructure.csproj", "{079CFEE6-D621-4AA8-ABB0-AA68FF07B05A}"
EndProject
Project("{FAE04EC0-301F-11D3-BF4B-00C04F79EFBC}") = "CAC.Basic.Web", "basic\CAC.Basic.Web\CAC.Basic.Web.csproj", "{920CCF01-E596-4BC4-8668-A020CFBC4DAF}"
EndProject
Project("{FAE04EC0-301F-11D3-BF4B-00C04F79EFBC}") = "CAC.Basic.UnitTests", "basic\CAC.Basic.UnitTests\CAC.Basic.UnitTests.csproj", "{F0AAACE0-9E67-4C5B-8411-01B69FF8BB29}"
EndProject
Project("{2150E333-8FDC-42A3-9474-1A3956D46DE8}") = "baseline", "baseline", "{EDD65E29-E690-4E23-A4D0-B9C1F1195668}"
ProjectSection(SolutionItems) = preProject
	baseline\README.md = baseline\README.md
EndProjectSection
EndProject
Project("{FAE04EC0-301F-11D3-BF4B-00C04F79EFBC}") = "CAC.Baseline.Web", "baseline\CAC.Baseline.Web\CAC.Baseline.Web.csproj", "{15AFA9FA-EEC4-491D-984F-E9FB38C04856}"
EndProject
Project("{FAE04EC0-301F-11D3-BF4B-00C04F79EFBC}") = "CAC.Baseline.UnitTests", "baseline\CAC.Baseline.UnitTests\CAC.Baseline.UnitTests.csproj", "{72A874E5-60D5-4E1D-9862-A89C708A9104}"
EndProject
Project("{FAE04EC0-301F-11D3-BF4B-00C04F79EFBC}") = "CAC.Basic.Application", "basic\CAC.Basic.Application\CAC.Basic.Application.csproj", "{97DD621C-8F6B-4666-9D6C-0CD69B506598}"
EndProject
Project("{FAE04EC0-301F-11D3-BF4B-00C04F79EFBC}") = "CAC.Core.Application", "core\CAC.Core.Application\CAC.Core.Application.csproj", "{E1E1CDA9-6D7D-4B93-9870-24C1BF714999}"
EndProject
Project("{FAE04EC0-301F-11D3-BF4B-00C04F79EFBC}") = "CAC.Core.Infrastructure", "core\CAC.Core.Infrastructure\CAC.Core.Infrastructure.csproj", "{8C68D55A-0A19-4307-8062-25C834A90A81}"
EndProject
Project("{FAE04EC0-301F-11D3-BF4B-00C04F79EFBC}") = "CAC.Basic.Jobs", "basic\CAC.Basic.Jobs\CAC.Basic.Jobs.csproj", "{9A05855F-EA28-4341-9B73-6A95137F3D84}"
EndProject
Project("{FAE04EC0-301F-11D3-BF4B-00C04F79EFBC}") = "CAC.Core.Jobs", "core\CAC.Core.Jobs\CAC.Core.Jobs.csproj", "{F9ACEEC6-97F5-4B52-AB93-5F6FC369170E}"
EndProject
Project("{FAE04EC0-301F-11D3-BF4B-00C04F79EFBC}") = "CAC.CQS.Domain", "cqs\CAC.CQS.Domain\CAC.CQS.Domain.csproj", "{14A9DAE3-ECB6-4E89-8038-EB90A0C279EA}"
EndProject
Project("{FAE04EC0-301F-11D3-BF4B-00C04F79EFBC}") = "CAC.CQS.Application", "cqs\CAC.CQS.Application\CAC.CQS.Application.csproj", "{4DCAEE04-CD0F-46B9-B363-DD8E29268106}"
EndProject
Project("{FAE04EC0-301F-11D3-BF4B-00C04F79EFBC}") = "CAC.CQS.Infrastructure", "cqs\CAC.CQS.Infrastructure\CAC.CQS.Infrastructure.csproj", "{5299975A-2D02-444B-812A-1985A3641579}"
EndProject
Project("{FAE04EC0-301F-11D3-BF4B-00C04F79EFBC}") = "CAC.CQS.Jobs", "cqs\CAC.CQS.Jobs\CAC.CQS.Jobs.csproj", "{665963E6-8DE3-4985-8B21-5C1324AB30FC}"
EndProject
Project("{FAE04EC0-301F-11D3-BF4B-00C04F79EFBC}") = "CAC.CQS.Web", "cqs\CAC.CQS.Web\CAC.CQS.Web.csproj", "{DAAD6A8E-44CC-4C4E-96F9-F10517607385}"
EndProject
Project("{FAE04EC0-301F-11D3-BF4B-00C04F79EFBC}") = "CAC.CQS.UnitTests", "cqs\CAC.CQS.UnitTests\CAC.CQS.UnitTests.csproj", "{9C5E1338-E417-427B-A50C-51B0FF32906D}"
EndProject
Project("{FAE04EC0-301F-11D3-BF4B-00C04F79EFBC}") = "CAC.CQS.MediatR.Domain", "mediatr\CAC.CQS.MediatR.Domain\CAC.CQS.MediatR.Domain.csproj", "{6AE1D119-C46D-4429-BD13-25686A81B466}"
EndProject
Project("{FAE04EC0-301F-11D3-BF4B-00C04F79EFBC}") = "CAC.CQS.MediatR.Application", "mediatr\CAC.CQS.MediatR.Application\CAC.CQS.MediatR.Application.csproj", "{33CC4A4C-337C-470D-9617-BB048F11692C}"
EndProject
Project("{FAE04EC0-301F-11D3-BF4B-00C04F79EFBC}") = "CAC.CQS.MediatR.Infrastructure", "mediatr\CAC.CQS.MediatR.Infrastructure\CAC.CQS.MediatR.Infrastructure.csproj", "{3AACA7BD-7E54-466A-AEE2-8E3677A12DAD}"
EndProject
Project("{FAE04EC0-301F-11D3-BF4B-00C04F79EFBC}") = "CAC.CQS.MediatR.Jobs", "mediatr\CAC.CQS.MediatR.Jobs\CAC.CQS.MediatR.Jobs.csproj", "{0273BC3B-EFE8-434A-8FC0-9B876693CC5C}"
EndProject
Project("{FAE04EC0-301F-11D3-BF4B-00C04F79EFBC}") = "CAC.CQS.MediatR.Web", "mediatr\CAC.CQS.MediatR.Web\CAC.CQS.MediatR.Web.csproj", "{296260DC-B248-4C24-B97C-0A25E2427AAE}"
EndProject
Project("{FAE04EC0-301F-11D3-BF4B-00C04F79EFBC}") = "CAC.CQS.MediatR.UnitTests", "mediatr\CAC.CQS.MediatR.UnitTests\CAC.CQS.MediatR.UnitTests.csproj", "{265C6159-B98B-42A7-8AE5-3036B6E47EE8}"
EndProject
Project("{FAE04EC0-301F-11D3-BF4B-00C04F79EFBC}") = "CAC.CQS.Decorator.Domain", "cqs-decorator\CAC.CQS.Decorator.Domain\CAC.CQS.Decorator.Domain.csproj", "{13844055-9826-47EA-95B1-9C0FF8D2508D}"
EndProject
Project("{FAE04EC0-301F-11D3-BF4B-00C04F79EFBC}") = "CAC.CQS.Decorator.Application", "cqs-decorator\CAC.CQS.Decorator.Application\CAC.CQS.Decorator.Application.csproj", "{A3799ECC-9F4F-4FC6-BC30-7B1BA48D570C}"
EndProject
Project("{FAE04EC0-301F-11D3-BF4B-00C04F79EFBC}") = "CAC.CQS.Decorator.Infrastructure", "cqs-decorator\CAC.CQS.Decorator.Infrastructure\CAC.CQS.Decorator.Infrastructure.csproj", "{F3EAA819-4921-48C4-873C-A754A6C75241}"
EndProject
Project("{FAE04EC0-301F-11D3-BF4B-00C04F79EFBC}") = "CAC.CQS.Decorator.Jobs", "cqs-decorator\CAC.CQS.Decorator.Jobs\CAC.CQS.Decorator.Jobs.csproj", "{27B10925-6F73-438A-88FE-79CC24B7A0CC}"
EndProject
Project("{FAE04EC0-301F-11D3-BF4B-00C04F79EFBC}") = "CAC.CQS.Decorator.Web", "cqs-decorator\CAC.CQS.Decorator.Web\CAC.CQS.Decorator.Web.csproj", "{20E5AD0F-183E-4AD5-B930-D9EAC4FDFA07}"
EndProject
Project("{FAE04EC0-301F-11D3-BF4B-00C04F79EFBC}") = "CAC.CQS.Decorator.UnitTests", "cqs-decorator\CAC.CQS.Decorator.UnitTests\CAC.CQS.Decorator.UnitTests.csproj", "{9EF4E8E6-C1C6-41A6-9B1F-1802DF25F4A8}"
EndProject
Global
	GlobalSection(SolutionConfigurationPlatforms) = preSolution
		Debug|Any CPU = Debug|Any CPU
		Release|Any CPU = Release|Any CPU
	EndGlobalSection
	GlobalSection(NestedProjects) = preSolution
		{6718E131-6333-48B6-B3E4-1A7C16EBC76D} = {04584DEB-D430-4EF2-9D00-A9445106311B}
		{91DAB8DB-FB2B-4378-ADE0-BB28F67284D5} = {04584DEB-D430-4EF2-9D00-A9445106311B}
		{FC05230A-25F3-4829-B60F-14413313074E} = {6F533325-7297-4151-8BB3-C036437945B0}
		{F032F015-95D6-484A-9404-CEBEAE440F49} = {6F533325-7297-4151-8BB3-C036437945B0}
		{3BC450D1-A15F-44CD-BD93-1EFB16E32C7B} = {6F533325-7297-4151-8BB3-C036437945B0}
		{F20AFEF8-85A0-4E18-8A52-3C7FF961992B} = {6F533325-7297-4151-8BB3-C036437945B0}
		{6C5B52A4-8362-411C-9356-37DD05CDD6BC} = {6F533325-7297-4151-8BB3-C036437945B0}
		{1086DD68-4B49-4A4E-914C-1784DAD6A934} = {99A94482-F487-4391-BEC3-ACBA35EC95D6}
		{079CFEE6-D621-4AA8-ABB0-AA68FF07B05A} = {99A94482-F487-4391-BEC3-ACBA35EC95D6}
		{920CCF01-E596-4BC4-8668-A020CFBC4DAF} = {99A94482-F487-4391-BEC3-ACBA35EC95D6}
		{F0AAACE0-9E67-4C5B-8411-01B69FF8BB29} = {99A94482-F487-4391-BEC3-ACBA35EC95D6}
		{15AFA9FA-EEC4-491D-984F-E9FB38C04856} = {EDD65E29-E690-4E23-A4D0-B9C1F1195668}
		{72A874E5-60D5-4E1D-9862-A89C708A9104} = {EDD65E29-E690-4E23-A4D0-B9C1F1195668}
		{97DD621C-8F6B-4666-9D6C-0CD69B506598} = {99A94482-F487-4391-BEC3-ACBA35EC95D6}
		{E1E1CDA9-6D7D-4B93-9870-24C1BF714999} = {6F533325-7297-4151-8BB3-C036437945B0}
		{8C68D55A-0A19-4307-8062-25C834A90A81} = {6F533325-7297-4151-8BB3-C036437945B0}
		{9A05855F-EA28-4341-9B73-6A95137F3D84} = {99A94482-F487-4391-BEC3-ACBA35EC95D6}
		{F9ACEEC6-97F5-4B52-AB93-5F6FC369170E} = {6F533325-7297-4151-8BB3-C036437945B0}
		{14A9DAE3-ECB6-4E89-8038-EB90A0C279EA} = {FF2E2E4A-0106-4CB5-B12B-C8D9067D643E}
		{4DCAEE04-CD0F-46B9-B363-DD8E29268106} = {FF2E2E4A-0106-4CB5-B12B-C8D9067D643E}
		{5299975A-2D02-444B-812A-1985A3641579} = {FF2E2E4A-0106-4CB5-B12B-C8D9067D643E}
		{665963E6-8DE3-4985-8B21-5C1324AB30FC} = {FF2E2E4A-0106-4CB5-B12B-C8D9067D643E}
		{DAAD6A8E-44CC-4C4E-96F9-F10517607385} = {FF2E2E4A-0106-4CB5-B12B-C8D9067D643E}
		{9C5E1338-E417-427B-A50C-51B0FF32906D} = {FF2E2E4A-0106-4CB5-B12B-C8D9067D643E}
		{6AE1D119-C46D-4429-BD13-25686A81B466} = {45EA5A0D-E89A-4D1F-B92D-A16E7B3D0E62}
		{33CC4A4C-337C-470D-9617-BB048F11692C} = {45EA5A0D-E89A-4D1F-B92D-A16E7B3D0E62}
		{3AACA7BD-7E54-466A-AEE2-8E3677A12DAD} = {45EA5A0D-E89A-4D1F-B92D-A16E7B3D0E62}
		{0273BC3B-EFE8-434A-8FC0-9B876693CC5C} = {45EA5A0D-E89A-4D1F-B92D-A16E7B3D0E62}
		{296260DC-B248-4C24-B97C-0A25E2427AAE} = {45EA5A0D-E89A-4D1F-B92D-A16E7B3D0E62}
		{265C6159-B98B-42A7-8AE5-3036B6E47EE8} = {45EA5A0D-E89A-4D1F-B92D-A16E7B3D0E62}
		{13844055-9826-47EA-95B1-9C0FF8D2508D} = {DA2453E1-1E54-47DA-A0D5-9A1F667B5E4C}
		{A3799ECC-9F4F-4FC6-BC30-7B1BA48D570C} = {DA2453E1-1E54-47DA-A0D5-9A1F667B5E4C}
		{F3EAA819-4921-48C4-873C-A754A6C75241} = {DA2453E1-1E54-47DA-A0D5-9A1F667B5E4C}
		{27B10925-6F73-438A-88FE-79CC24B7A0CC} = {DA2453E1-1E54-47DA-A0D5-9A1F667B5E4C}
		{20E5AD0F-183E-4AD5-B930-D9EAC4FDFA07} = {DA2453E1-1E54-47DA-A0D5-9A1F667B5E4C}
		{9EF4E8E6-C1C6-41A6-9B1F-1802DF25F4A8} = {DA2453E1-1E54-47DA-A0D5-9A1F667B5E4C}
	EndGlobalSection
	GlobalSection(ProjectConfigurationPlatforms) = postSolution
		{6718E131-6333-48B6-B3E4-1A7C16EBC76D}.Debug|Any CPU.ActiveCfg = Debug|Any CPU
		{6718E131-6333-48B6-B3E4-1A7C16EBC76D}.Debug|Any CPU.Build.0 = Debug|Any CPU
		{6718E131-6333-48B6-B3E4-1A7C16EBC76D}.Release|Any CPU.ActiveCfg = Release|Any CPU
		{6718E131-6333-48B6-B3E4-1A7C16EBC76D}.Release|Any CPU.Build.0 = Release|Any CPU
		{91DAB8DB-FB2B-4378-ADE0-BB28F67284D5}.Debug|Any CPU.ActiveCfg = Debug|Any CPU
		{91DAB8DB-FB2B-4378-ADE0-BB28F67284D5}.Debug|Any CPU.Build.0 = Debug|Any CPU
		{91DAB8DB-FB2B-4378-ADE0-BB28F67284D5}.Release|Any CPU.ActiveCfg = Release|Any CPU
		{91DAB8DB-FB2B-4378-ADE0-BB28F67284D5}.Release|Any CPU.Build.0 = Release|Any CPU
		{FC05230A-25F3-4829-B60F-14413313074E}.Debug|Any CPU.ActiveCfg = Debug|Any CPU
		{FC05230A-25F3-4829-B60F-14413313074E}.Debug|Any CPU.Build.0 = Debug|Any CPU
		{FC05230A-25F3-4829-B60F-14413313074E}.Release|Any CPU.ActiveCfg = Release|Any CPU
		{FC05230A-25F3-4829-B60F-14413313074E}.Release|Any CPU.Build.0 = Release|Any CPU
		{F032F015-95D6-484A-9404-CEBEAE440F49}.Debug|Any CPU.ActiveCfg = Debug|Any CPU
		{F032F015-95D6-484A-9404-CEBEAE440F49}.Debug|Any CPU.Build.0 = Debug|Any CPU
		{F032F015-95D6-484A-9404-CEBEAE440F49}.Release|Any CPU.ActiveCfg = Release|Any CPU
		{F032F015-95D6-484A-9404-CEBEAE440F49}.Release|Any CPU.Build.0 = Release|Any CPU
		{3BC450D1-A15F-44CD-BD93-1EFB16E32C7B}.Debug|Any CPU.ActiveCfg = Debug|Any CPU
		{3BC450D1-A15F-44CD-BD93-1EFB16E32C7B}.Debug|Any CPU.Build.0 = Debug|Any CPU
		{3BC450D1-A15F-44CD-BD93-1EFB16E32C7B}.Release|Any CPU.ActiveCfg = Release|Any CPU
		{3BC450D1-A15F-44CD-BD93-1EFB16E32C7B}.Release|Any CPU.Build.0 = Release|Any CPU
		{F20AFEF8-85A0-4E18-8A52-3C7FF961992B}.Debug|Any CPU.ActiveCfg = Debug|Any CPU
		{F20AFEF8-85A0-4E18-8A52-3C7FF961992B}.Debug|Any CPU.Build.0 = Debug|Any CPU
		{F20AFEF8-85A0-4E18-8A52-3C7FF961992B}.Release|Any CPU.ActiveCfg = Release|Any CPU
		{F20AFEF8-85A0-4E18-8A52-3C7FF961992B}.Release|Any CPU.Build.0 = Release|Any CPU
		{6C5B52A4-8362-411C-9356-37DD05CDD6BC}.Debug|Any CPU.ActiveCfg = Debug|Any CPU
		{6C5B52A4-8362-411C-9356-37DD05CDD6BC}.Debug|Any CPU.Build.0 = Debug|Any CPU
		{6C5B52A4-8362-411C-9356-37DD05CDD6BC}.Release|Any CPU.ActiveCfg = Release|Any CPU
		{6C5B52A4-8362-411C-9356-37DD05CDD6BC}.Release|Any CPU.Build.0 = Release|Any CPU
		{1086DD68-4B49-4A4E-914C-1784DAD6A934}.Debug|Any CPU.ActiveCfg = Debug|Any CPU
		{1086DD68-4B49-4A4E-914C-1784DAD6A934}.Debug|Any CPU.Build.0 = Debug|Any CPU
		{1086DD68-4B49-4A4E-914C-1784DAD6A934}.Release|Any CPU.ActiveCfg = Release|Any CPU
		{1086DD68-4B49-4A4E-914C-1784DAD6A934}.Release|Any CPU.Build.0 = Release|Any CPU
		{079CFEE6-D621-4AA8-ABB0-AA68FF07B05A}.Debug|Any CPU.ActiveCfg = Debug|Any CPU
		{079CFEE6-D621-4AA8-ABB0-AA68FF07B05A}.Debug|Any CPU.Build.0 = Debug|Any CPU
		{079CFEE6-D621-4AA8-ABB0-AA68FF07B05A}.Release|Any CPU.ActiveCfg = Release|Any CPU
		{079CFEE6-D621-4AA8-ABB0-AA68FF07B05A}.Release|Any CPU.Build.0 = Release|Any CPU
		{920CCF01-E596-4BC4-8668-A020CFBC4DAF}.Debug|Any CPU.ActiveCfg = Debug|Any CPU
		{920CCF01-E596-4BC4-8668-A020CFBC4DAF}.Debug|Any CPU.Build.0 = Debug|Any CPU
		{920CCF01-E596-4BC4-8668-A020CFBC4DAF}.Release|Any CPU.ActiveCfg = Release|Any CPU
		{920CCF01-E596-4BC4-8668-A020CFBC4DAF}.Release|Any CPU.Build.0 = Release|Any CPU
		{F0AAACE0-9E67-4C5B-8411-01B69FF8BB29}.Debug|Any CPU.ActiveCfg = Debug|Any CPU
		{F0AAACE0-9E67-4C5B-8411-01B69FF8BB29}.Debug|Any CPU.Build.0 = Debug|Any CPU
		{F0AAACE0-9E67-4C5B-8411-01B69FF8BB29}.Release|Any CPU.ActiveCfg = Release|Any CPU
		{F0AAACE0-9E67-4C5B-8411-01B69FF8BB29}.Release|Any CPU.Build.0 = Release|Any CPU
		{15AFA9FA-EEC4-491D-984F-E9FB38C04856}.Debug|Any CPU.ActiveCfg = Debug|Any CPU
		{15AFA9FA-EEC4-491D-984F-E9FB38C04856}.Debug|Any CPU.Build.0 = Debug|Any CPU
		{15AFA9FA-EEC4-491D-984F-E9FB38C04856}.Release|Any CPU.ActiveCfg = Release|Any CPU
		{15AFA9FA-EEC4-491D-984F-E9FB38C04856}.Release|Any CPU.Build.0 = Release|Any CPU
		{72A874E5-60D5-4E1D-9862-A89C708A9104}.Debug|Any CPU.ActiveCfg = Debug|Any CPU
		{72A874E5-60D5-4E1D-9862-A89C708A9104}.Debug|Any CPU.Build.0 = Debug|Any CPU
		{72A874E5-60D5-4E1D-9862-A89C708A9104}.Release|Any CPU.ActiveCfg = Release|Any CPU
		{72A874E5-60D5-4E1D-9862-A89C708A9104}.Release|Any CPU.Build.0 = Release|Any CPU
		{97DD621C-8F6B-4666-9D6C-0CD69B506598}.Debug|Any CPU.ActiveCfg = Debug|Any CPU
		{97DD621C-8F6B-4666-9D6C-0CD69B506598}.Debug|Any CPU.Build.0 = Debug|Any CPU
		{97DD621C-8F6B-4666-9D6C-0CD69B506598}.Release|Any CPU.ActiveCfg = Release|Any CPU
		{97DD621C-8F6B-4666-9D6C-0CD69B506598}.Release|Any CPU.Build.0 = Release|Any CPU
		{E1E1CDA9-6D7D-4B93-9870-24C1BF714999}.Debug|Any CPU.ActiveCfg = Debug|Any CPU
		{E1E1CDA9-6D7D-4B93-9870-24C1BF714999}.Debug|Any CPU.Build.0 = Debug|Any CPU
		{E1E1CDA9-6D7D-4B93-9870-24C1BF714999}.Release|Any CPU.ActiveCfg = Release|Any CPU
		{E1E1CDA9-6D7D-4B93-9870-24C1BF714999}.Release|Any CPU.Build.0 = Release|Any CPU
		{8C68D55A-0A19-4307-8062-25C834A90A81}.Debug|Any CPU.ActiveCfg = Debug|Any CPU
		{8C68D55A-0A19-4307-8062-25C834A90A81}.Debug|Any CPU.Build.0 = Debug|Any CPU
		{8C68D55A-0A19-4307-8062-25C834A90A81}.Release|Any CPU.ActiveCfg = Release|Any CPU
		{8C68D55A-0A19-4307-8062-25C834A90A81}.Release|Any CPU.Build.0 = Release|Any CPU
		{9A05855F-EA28-4341-9B73-6A95137F3D84}.Debug|Any CPU.ActiveCfg = Debug|Any CPU
		{9A05855F-EA28-4341-9B73-6A95137F3D84}.Debug|Any CPU.Build.0 = Debug|Any CPU
		{9A05855F-EA28-4341-9B73-6A95137F3D84}.Release|Any CPU.ActiveCfg = Release|Any CPU
		{9A05855F-EA28-4341-9B73-6A95137F3D84}.Release|Any CPU.Build.0 = Release|Any CPU
		{F9ACEEC6-97F5-4B52-AB93-5F6FC369170E}.Debug|Any CPU.ActiveCfg = Debug|Any CPU
		{F9ACEEC6-97F5-4B52-AB93-5F6FC369170E}.Debug|Any CPU.Build.0 = Debug|Any CPU
		{F9ACEEC6-97F5-4B52-AB93-5F6FC369170E}.Release|Any CPU.ActiveCfg = Release|Any CPU
		{F9ACEEC6-97F5-4B52-AB93-5F6FC369170E}.Release|Any CPU.Build.0 = Release|Any CPU
		{14A9DAE3-ECB6-4E89-8038-EB90A0C279EA}.Debug|Any CPU.ActiveCfg = Debug|Any CPU
		{14A9DAE3-ECB6-4E89-8038-EB90A0C279EA}.Debug|Any CPU.Build.0 = Debug|Any CPU
		{14A9DAE3-ECB6-4E89-8038-EB90A0C279EA}.Release|Any CPU.ActiveCfg = Release|Any CPU
		{14A9DAE3-ECB6-4E89-8038-EB90A0C279EA}.Release|Any CPU.Build.0 = Release|Any CPU
		{4DCAEE04-CD0F-46B9-B363-DD8E29268106}.Debug|Any CPU.ActiveCfg = Debug|Any CPU
		{4DCAEE04-CD0F-46B9-B363-DD8E29268106}.Debug|Any CPU.Build.0 = Debug|Any CPU
		{4DCAEE04-CD0F-46B9-B363-DD8E29268106}.Release|Any CPU.ActiveCfg = Release|Any CPU
		{4DCAEE04-CD0F-46B9-B363-DD8E29268106}.Release|Any CPU.Build.0 = Release|Any CPU
		{5299975A-2D02-444B-812A-1985A3641579}.Debug|Any CPU.ActiveCfg = Debug|Any CPU
		{5299975A-2D02-444B-812A-1985A3641579}.Debug|Any CPU.Build.0 = Debug|Any CPU
		{5299975A-2D02-444B-812A-1985A3641579}.Release|Any CPU.ActiveCfg = Release|Any CPU
		{5299975A-2D02-444B-812A-1985A3641579}.Release|Any CPU.Build.0 = Release|Any CPU
		{665963E6-8DE3-4985-8B21-5C1324AB30FC}.Debug|Any CPU.ActiveCfg = Debug|Any CPU
		{665963E6-8DE3-4985-8B21-5C1324AB30FC}.Debug|Any CPU.Build.0 = Debug|Any CPU
		{665963E6-8DE3-4985-8B21-5C1324AB30FC}.Release|Any CPU.ActiveCfg = Release|Any CPU
		{665963E6-8DE3-4985-8B21-5C1324AB30FC}.Release|Any CPU.Build.0 = Release|Any CPU
		{DAAD6A8E-44CC-4C4E-96F9-F10517607385}.Debug|Any CPU.ActiveCfg = Debug|Any CPU
		{DAAD6A8E-44CC-4C4E-96F9-F10517607385}.Debug|Any CPU.Build.0 = Debug|Any CPU
		{DAAD6A8E-44CC-4C4E-96F9-F10517607385}.Release|Any CPU.ActiveCfg = Release|Any CPU
		{DAAD6A8E-44CC-4C4E-96F9-F10517607385}.Release|Any CPU.Build.0 = Release|Any CPU
		{9C5E1338-E417-427B-A50C-51B0FF32906D}.Debug|Any CPU.ActiveCfg = Debug|Any CPU
		{9C5E1338-E417-427B-A50C-51B0FF32906D}.Debug|Any CPU.Build.0 = Debug|Any CPU
		{9C5E1338-E417-427B-A50C-51B0FF32906D}.Release|Any CPU.ActiveCfg = Release|Any CPU
		{9C5E1338-E417-427B-A50C-51B0FF32906D}.Release|Any CPU.Build.0 = Release|Any CPU
		{6AE1D119-C46D-4429-BD13-25686A81B466}.Debug|Any CPU.ActiveCfg = Debug|Any CPU
		{6AE1D119-C46D-4429-BD13-25686A81B466}.Debug|Any CPU.Build.0 = Debug|Any CPU
		{6AE1D119-C46D-4429-BD13-25686A81B466}.Release|Any CPU.ActiveCfg = Release|Any CPU
		{6AE1D119-C46D-4429-BD13-25686A81B466}.Release|Any CPU.Build.0 = Release|Any CPU
		{33CC4A4C-337C-470D-9617-BB048F11692C}.Debug|Any CPU.ActiveCfg = Debug|Any CPU
		{33CC4A4C-337C-470D-9617-BB048F11692C}.Debug|Any CPU.Build.0 = Debug|Any CPU
		{33CC4A4C-337C-470D-9617-BB048F11692C}.Release|Any CPU.ActiveCfg = Release|Any CPU
		{33CC4A4C-337C-470D-9617-BB048F11692C}.Release|Any CPU.Build.0 = Release|Any CPU
		{3AACA7BD-7E54-466A-AEE2-8E3677A12DAD}.Debug|Any CPU.ActiveCfg = Debug|Any CPU
		{3AACA7BD-7E54-466A-AEE2-8E3677A12DAD}.Debug|Any CPU.Build.0 = Debug|Any CPU
		{3AACA7BD-7E54-466A-AEE2-8E3677A12DAD}.Release|Any CPU.ActiveCfg = Release|Any CPU
		{3AACA7BD-7E54-466A-AEE2-8E3677A12DAD}.Release|Any CPU.Build.0 = Release|Any CPU
		{0273BC3B-EFE8-434A-8FC0-9B876693CC5C}.Debug|Any CPU.ActiveCfg = Debug|Any CPU
		{0273BC3B-EFE8-434A-8FC0-9B876693CC5C}.Debug|Any CPU.Build.0 = Debug|Any CPU
		{0273BC3B-EFE8-434A-8FC0-9B876693CC5C}.Release|Any CPU.ActiveCfg = Release|Any CPU
		{0273BC3B-EFE8-434A-8FC0-9B876693CC5C}.Release|Any CPU.Build.0 = Release|Any CPU
		{296260DC-B248-4C24-B97C-0A25E2427AAE}.Debug|Any CPU.ActiveCfg = Debug|Any CPU
		{296260DC-B248-4C24-B97C-0A25E2427AAE}.Debug|Any CPU.Build.0 = Debug|Any CPU
		{296260DC-B248-4C24-B97C-0A25E2427AAE}.Release|Any CPU.ActiveCfg = Release|Any CPU
		{296260DC-B248-4C24-B97C-0A25E2427AAE}.Release|Any CPU.Build.0 = Release|Any CPU
		{265C6159-B98B-42A7-8AE5-3036B6E47EE8}.Debug|Any CPU.ActiveCfg = Debug|Any CPU
		{265C6159-B98B-42A7-8AE5-3036B6E47EE8}.Debug|Any CPU.Build.0 = Debug|Any CPU
		{265C6159-B98B-42A7-8AE5-3036B6E47EE8}.Release|Any CPU.ActiveCfg = Release|Any CPU
		{265C6159-B98B-42A7-8AE5-3036B6E47EE8}.Release|Any CPU.Build.0 = Release|Any CPU
		{13844055-9826-47EA-95B1-9C0FF8D2508D}.Debug|Any CPU.ActiveCfg = Debug|Any CPU
		{13844055-9826-47EA-95B1-9C0FF8D2508D}.Debug|Any CPU.Build.0 = Debug|Any CPU
		{13844055-9826-47EA-95B1-9C0FF8D2508D}.Release|Any CPU.ActiveCfg = Release|Any CPU
		{13844055-9826-47EA-95B1-9C0FF8D2508D}.Release|Any CPU.Build.0 = Release|Any CPU
		{A3799ECC-9F4F-4FC6-BC30-7B1BA48D570C}.Debug|Any CPU.ActiveCfg = Debug|Any CPU
		{A3799ECC-9F4F-4FC6-BC30-7B1BA48D570C}.Debug|Any CPU.Build.0 = Debug|Any CPU
		{A3799ECC-9F4F-4FC6-BC30-7B1BA48D570C}.Release|Any CPU.ActiveCfg = Release|Any CPU
		{A3799ECC-9F4F-4FC6-BC30-7B1BA48D570C}.Release|Any CPU.Build.0 = Release|Any CPU
		{F3EAA819-4921-48C4-873C-A754A6C75241}.Debug|Any CPU.ActiveCfg = Debug|Any CPU
		{F3EAA819-4921-48C4-873C-A754A6C75241}.Debug|Any CPU.Build.0 = Debug|Any CPU
		{F3EAA819-4921-48C4-873C-A754A6C75241}.Release|Any CPU.ActiveCfg = Release|Any CPU
		{F3EAA819-4921-48C4-873C-A754A6C75241}.Release|Any CPU.Build.0 = Release|Any CPU
		{27B10925-6F73-438A-88FE-79CC24B7A0CC}.Debug|Any CPU.ActiveCfg = Debug|Any CPU
		{27B10925-6F73-438A-88FE-79CC24B7A0CC}.Debug|Any CPU.Build.0 = Debug|Any CPU
		{27B10925-6F73-438A-88FE-79CC24B7A0CC}.Release|Any CPU.ActiveCfg = Release|Any CPU
		{27B10925-6F73-438A-88FE-79CC24B7A0CC}.Release|Any CPU.Build.0 = Release|Any CPU
		{20E5AD0F-183E-4AD5-B930-D9EAC4FDFA07}.Debug|Any CPU.ActiveCfg = Debug|Any CPU
		{20E5AD0F-183E-4AD5-B930-D9EAC4FDFA07}.Debug|Any CPU.Build.0 = Debug|Any CPU
		{20E5AD0F-183E-4AD5-B930-D9EAC4FDFA07}.Release|Any CPU.ActiveCfg = Release|Any CPU
		{20E5AD0F-183E-4AD5-B930-D9EAC4FDFA07}.Release|Any CPU.Build.0 = Release|Any CPU
		{9EF4E8E6-C1C6-41A6-9B1F-1802DF25F4A8}.Debug|Any CPU.ActiveCfg = Debug|Any CPU
		{9EF4E8E6-C1C6-41A6-9B1F-1802DF25F4A8}.Debug|Any CPU.Build.0 = Debug|Any CPU
		{9EF4E8E6-C1C6-41A6-9B1F-1802DF25F4A8}.Release|Any CPU.ActiveCfg = Release|Any CPU
		{9EF4E8E6-C1C6-41A6-9B1F-1802DF25F4A8}.Release|Any CPU.Build.0 = Release|Any CPU
	EndGlobalSection
EndGlobal
